// !$*UTF8*$!
{
	archiveVersion = 1;
	classes = {
	};
	objectVersion = 46;
	objects = {

/* Begin PBXBuildFile section */
		1F04ADF21AEA2E6A006935CF /* Images.xcassets in Resources */ = {isa = PBXBuildFile; fileRef = 1F04ADF11AEA2E6A006935CF /* Images.xcassets */; };
		1F16691D1AC4EC0100182F93 /* left.png in Resources */ = {isa = PBXBuildFile; fileRef = 1F16691C1AC4EC0100182F93 /* left.png */; };
		1F1669231AC54EF100182F93 /* right.png in Resources */ = {isa = PBXBuildFile; fileRef = 1F1669221AC54EF100182F93 /* right.png */; };
		1F167A251B09D02C0046B5F0 /* Icon-72.png in Resources */ = {isa = PBXBuildFile; fileRef = 1F167A231B09D02C0046B5F0 /* Icon-72.png */; };
		1F167A261B09D02C0046B5F0 /* Icon-72@2x.png in Resources */ = {isa = PBXBuildFile; fileRef = 1F167A241B09D02C0046B5F0 /* Icon-72@2x.png */; };
		1F167A281B09D0B10046B5F0 /* Icon-29@3x.png in Resources */ = {isa = PBXBuildFile; fileRef = 1F167A271B09D0B10046B5F0 /* Icon-29@3x.png */; };
		1F167A2A1B09D0D90046B5F0 /* Icon.png in Resources */ = {isa = PBXBuildFile; fileRef = 1F167A291B09D0D90046B5F0 /* Icon.png */; };
		1F167A2C1B09D0E10046B5F0 /* Icon@2x.png in Resources */ = {isa = PBXBuildFile; fileRef = 1F167A2B1B09D0E10046B5F0 /* Icon@2x.png */; };
		1F167A2E1B09D0FB0046B5F0 /* Icon-Small-50.png in Resources */ = {isa = PBXBuildFile; fileRef = 1F167A2D1B09D0FB0046B5F0 /* Icon-Small-50.png */; };
		1F167A301B09D10B0046B5F0 /* Icon-Small-50@2x.png in Resources */ = {isa = PBXBuildFile; fileRef = 1F167A2F1B09D10B0046B5F0 /* Icon-Small-50@2x.png */; };
		1F2F50511AC3A46A00E43763 /* LocalFileViewController.m in Sources */ = {isa = PBXBuildFile; fileRef = 1F2F50501AC3A46A00E43763 /* LocalFileViewController.m */; };
		1F2F50551AC3B40A00E43763 /* FileUtility.m in Sources */ = {isa = PBXBuildFile; fileRef = 1F2F50541AC3B40A00E43763 /* FileUtility.m */; };
		1F3924811AD507DC00FF9564 /* servers.json in Resources */ = {isa = PBXBuildFile; fileRef = 1F39247F1AD507DC00FF9564 /* servers.json */; };
		1F3C5B561ABBE94200DCFFED /* AuthViewController.m in Sources */ = {isa = PBXBuildFile; fileRef = 1F3C5B531ABBE94200DCFFED /* AuthViewController.m */; };
		1F3C5B571ABBE94200DCFFED /* AuthViewTextField.m in Sources */ = {isa = PBXBuildFile; fileRef = 1F3C5B551ABBE94200DCFFED /* AuthViewTextField.m */; };
		1F5264AF1AD770CE0067BE81 /* MLPSpotlight.m in Sources */ = {isa = PBXBuildFile; fileRef = 1F5264AE1AD770CE0067BE81 /* MLPSpotlight.m */; };
		1F570E311ACA8EA600447727 /* folder.png in Resources */ = {isa = PBXBuildFile; fileRef = 1F570E301ACA8EA600447727 /* folder.png */; };
		1F570E331ACA8ECF00447727 /* file.png in Resources */ = {isa = PBXBuildFile; fileRef = 1F570E321ACA8ECF00447727 /* file.png */; };
		1F62900C1ACE1114009CF4E3 /* DXPopover.m in Sources */ = {isa = PBXBuildFile; fileRef = 1F62900B1ACE1114009CF4E3 /* DXPopover.m */; };
		1F6A52BE1AE8B34900D76CDF /* OPNDocument.m in Sources */ = {isa = PBXBuildFile; fileRef = 1F6A52BD1AE8B34900D76CDF /* OPNDocument.m */; };
		1F6A52C11AE8D61200D76CDF /* OPNUserEntryManager.m in Sources */ = {isa = PBXBuildFile; fileRef = 1F6A52C01AE8D61200D76CDF /* OPNUserEntryManager.m */; };
		1F7A32561ADF89F200663D97 /* SplitViewController.m in Sources */ = {isa = PBXBuildFile; fileRef = 1F7A32551ADF89F200663D97 /* SplitViewController.m */; };
		1F80BAEE1AD2221E00D6F669 /* bookmark.png in Resources */ = {isa = PBXBuildFile; fileRef = 1F80BAE61AD2221E00D6F669 /* bookmark.png */; };
		1F80BAEF1AD2221E00D6F669 /* check.png in Resources */ = {isa = PBXBuildFile; fileRef = 1F80BAE71AD2221E00D6F669 /* check.png */; };
		1F80BAF01AD2221E00D6F669 /* cloud.png in Resources */ = {isa = PBXBuildFile; fileRef = 1F80BAE81AD2221E00D6F669 /* cloud.png */; };
		1F80BAF11AD2221E00D6F669 /* mac.png in Resources */ = {isa = PBXBuildFile; fileRef = 1F80BAE91AD2221E00D6F669 /* mac.png */; };
		1F80BAF21AD2221E00D6F669 /* public.png in Resources */ = {isa = PBXBuildFile; fileRef = 1F80BAEA1AD2221E00D6F669 /* public.png */; };
		1F80BAF31AD2221E00D6F669 /* refresh.png in Resources */ = {isa = PBXBuildFile; fileRef = 1F80BAEB1AD2221E00D6F669 /* refresh.png */; };
		1F80BAF41AD2221E00D6F669 /* settings.png in Resources */ = {isa = PBXBuildFile; fileRef = 1F80BAEC1AD2221E00D6F669 /* settings.png */; };
		1F80BAF51AD2221E00D6F669 /* windows.png in Resources */ = {isa = PBXBuildFile; fileRef = 1F80BAED1AD2221E00D6F669 /* windows.png */; };
		1F80BAF91AD222B900D6F669 /* Server.m in Sources */ = {isa = PBXBuildFile; fileRef = 1F80BAF81AD222B900D6F669 /* Server.m */; };
		1F80BAFC1AD223E400D6F669 /* ServerListCell.m in Sources */ = {isa = PBXBuildFile; fileRef = 1F80BAFB1AD223E400D6F669 /* ServerListCell.m */; };
		1F80BB021AD24E2A00D6F669 /* PopupViewController.m in Sources */ = {isa = PBXBuildFile; fileRef = 1F80BB011AD24E2A00D6F669 /* PopupViewController.m */; };
		1FAE34AB1AF1BDF5006A9F7C /* OPNFileReaderTests.m in Sources */ = {isa = PBXBuildFile; fileRef = 1FAE34AA1AF1BDF5006A9F7C /* OPNFileReaderTests.m */; };
		1FB240351AE4840800719C20 /* ServerListViewController.m in Sources */ = {isa = PBXBuildFile; fileRef = 1FB240341AE4840800719C20 /* ServerListViewController.m */; };
		1FB240381AE4D53C00719C20 /* UIColor+CustomColors.m in Sources */ = {isa = PBXBuildFile; fileRef = 1FB240371AE4D53C00719C20 /* UIColor+CustomColors.m */; };
		1FB302631ADE21A800EE17DC /* SettingsViewController.m in Sources */ = {isa = PBXBuildFile; fileRef = 1FB302621ADE21A800EE17DC /* SettingsViewController.m */; };
		1FB578F71AD6133000924C9C /* NSDictionary+SafeValue.m in Sources */ = {isa = PBXBuildFile; fileRef = 1FB578F61AD6133000924C9C /* NSDictionary+SafeValue.m */; };
		1FB578FE1AD6603C00924C9C /* TopViewController.m in Sources */ = {isa = PBXBuildFile; fileRef = 1FB578FD1AD6603C00924C9C /* TopViewController.m */; };
		1FBAD4D81AF30D59003D5D09 /* OPNUserEntryManagerTests.m in Sources */ = {isa = PBXBuildFile; fileRef = 1FBAD4D71AF30D59003D5D09 /* OPNUserEntryManagerTests.m */; };
		1FC48B8E1AE618940023598B /* OPNUserEntry.m in Sources */ = {isa = PBXBuildFile; fileRef = 1FC48B8D1AE618940023598B /* OPNUserEntry.m */; };
		1FE188AC1AD52BBE0086BE57 /* NSJSONSerialization+JSONFile.m in Sources */ = {isa = PBXBuildFile; fileRef = 1FE188AB1AD52BBE0086BE57 /* NSJSONSerialization+JSONFile.m */; };
		1FE363471AD3BC6F0062ECBB /* DataLoader.m in Sources */ = {isa = PBXBuildFile; fileRef = 1FE363461AD3BC6F0062ECBB /* DataLoader.m */; };
		1FE4B7181AE79B2300FC83D5 /* UIImage+Utility.m in Sources */ = {isa = PBXBuildFile; fileRef = 1FE4B7171AE79B2300FC83D5 /* UIImage+Utility.m */; };
		1FF03A671AEA36A20049F641 /* Icon-76.png in Resources */ = {isa = PBXBuildFile; fileRef = 1FF03A631AEA36A20049F641 /* Icon-76.png */; };
		1FF03A681AEA36A20049F641 /* Icon-76@2x.png in Resources */ = {isa = PBXBuildFile; fileRef = 1FF03A641AEA36A20049F641 /* Icon-76@2x.png */; };
		1FF03A691AEA36A20049F641 /* Icon-Small.png in Resources */ = {isa = PBXBuildFile; fileRef = 1FF03A651AEA36A20049F641 /* Icon-Small.png */; };
		1FF03A6A1AEA36A20049F641 /* Icon-Small@2x.png in Resources */ = {isa = PBXBuildFile; fileRef = 1FF03A661AEA36A20049F641 /* Icon-Small@2x.png */; };
		1FF03A6F1AEA36B20049F641 /* Icon-40@2x.png in Resources */ = {isa = PBXBuildFile; fileRef = 1FF03A6B1AEA36B20049F641 /* Icon-40@2x.png */; };
		1FF03A701AEA36B20049F641 /* Icon-40@3x.png in Resources */ = {isa = PBXBuildFile; fileRef = 1FF03A6C1AEA36B20049F641 /* Icon-40@3x.png */; };
		1FF03A711AEA36B20049F641 /* Icon-60@2x.png in Resources */ = {isa = PBXBuildFile; fileRef = 1FF03A6D1AEA36B20049F641 /* Icon-60@2x.png */; };
		1FF03A721AEA36B20049F641 /* Icon-60@3x.png in Resources */ = {isa = PBXBuildFile; fileRef = 1FF03A6E1AEA36B20049F641 /* Icon-60@3x.png */; };
		1FF03A741AEA39280049F641 /* Icon-40.png in Resources */ = {isa = PBXBuildFile; fileRef = 1FF03A731AEA39280049F641 /* Icon-40.png */; };
		1FF960E51B003AB70077C875 /* UIView+Utility.m in Sources */ = {isa = PBXBuildFile; fileRef = 1FF960E41B003AB70077C875 /* UIView+Utility.m */; };
		3D4F15DD1ADA9A5600083E9F /* LoginStatusManager.m in Sources */ = {isa = PBXBuildFile; fileRef = 3D4F15DC1ADA9A5600083E9F /* LoginStatusManager.m */; };
		87085F8D1705D46C009CD258 /* UIKit.framework in Frameworks */ = {isa = PBXBuildFile; fileRef = 87085F8C1705D46C009CD258 /* UIKit.framework */; };
		87085F8F1705D46C009CD258 /* Foundation.framework in Frameworks */ = {isa = PBXBuildFile; fileRef = 87085F8E1705D46C009CD258 /* Foundation.framework */; };
		87085F911705D46C009CD258 /* CoreGraphics.framework in Frameworks */ = {isa = PBXBuildFile; fileRef = 87085F901705D46C009CD258 /* CoreGraphics.framework */; };
		87085F971705D46C009CD258 /* InfoPlist.strings in Resources */ = {isa = PBXBuildFile; fileRef = 87085F951705D46C009CD258 /* InfoPlist.strings */; };
		87085F991705D46C009CD258 /* main.m in Sources */ = {isa = PBXBuildFile; fileRef = 87085F981705D46C009CD258 /* main.m */; };
		87085F9D1705D46C009CD258 /* AppDelegate.m in Sources */ = {isa = PBXBuildFile; fileRef = 87085F9C1705D46C009CD258 /* AppDelegate.m */; };
		87085F9F1705D46C009CD258 /* Default.png in Resources */ = {isa = PBXBuildFile; fileRef = 87085F9E1705D46C009CD258 /* Default.png */; };
		87085FA11705D46C009CD258 /* Default@2x.png in Resources */ = {isa = PBXBuildFile; fileRef = 87085FA01705D46C009CD258 /* Default@2x.png */; };
		87085FA31705D46C009CD258 /* Default-568h@2x.png in Resources */ = {isa = PBXBuildFile; fileRef = 87085FA21705D46C009CD258 /* Default-568h@2x.png */; };
		87085FB41705D494009CD258 /* KxSMBProvider.m in Sources */ = {isa = PBXBuildFile; fileRef = 87085FB31705D494009CD258 /* KxSMBProvider.m */; };
		87085FBB1705D4AB009CD258 /* FileViewController.m in Sources */ = {isa = PBXBuildFile; fileRef = 87085FB61705D4AB009CD258 /* FileViewController.m */; };
		87085FBD1705D4AB009CD258 /* TreeViewController.m in Sources */ = {isa = PBXBuildFile; fileRef = 87085FBA1705D4AB009CD258 /* TreeViewController.m */; };
		87085FC41705D4CA009CD258 /* libsmbclient.a in Frameworks */ = {isa = PBXBuildFile; fileRef = 87085FBF1705D4CA009CD258 /* libsmbclient.a */; };
		87085FC51705D4CA009CD258 /* libtalloc.a in Frameworks */ = {isa = PBXBuildFile; fileRef = 87085FC11705D4CA009CD258 /* libtalloc.a */; };
		87085FC61705D4CA009CD258 /* libtdb.a in Frameworks */ = {isa = PBXBuildFile; fileRef = 87085FC21705D4CA009CD258 /* libtdb.a */; };
		87085FC71705D4CA009CD258 /* libwbclient.a in Frameworks */ = {isa = PBXBuildFile; fileRef = 87085FC31705D4CA009CD258 /* libwbclient.a */; };
		87085FC91705D4FD009CD258 /* libz.dylib in Frameworks */ = {isa = PBXBuildFile; fileRef = 87085FC81705D4FD009CD258 /* libz.dylib */; };
		87085FCB1705D503009CD258 /* libiconv.dylib in Frameworks */ = {isa = PBXBuildFile; fileRef = 87085FCA1705D503009CD258 /* libiconv.dylib */; };
		87085FCD1705D509009CD258 /* libresolv.dylib in Frameworks */ = {isa = PBXBuildFile; fileRef = 87085FCC1705D509009CD258 /* libresolv.dylib */; };
		871CC5751774589C00EDD76D /* Foundation.framework in Frameworks */ = {isa = PBXBuildFile; fileRef = 87085F8E1705D46C009CD258 /* Foundation.framework */; };
		871CC580177458AD00EDD76D /* KxSMBProvider.m in Sources */ = {isa = PBXBuildFile; fileRef = 87085FB31705D494009CD258 /* KxSMBProvider.m */; };
		D9D996B022BAEF36C46DB909 /* libPods.a in Frameworks */ = {isa = PBXBuildFile; fileRef = 6560FA5E2DECD63CEA3442F4 /* libPods.a */; };
		EAC6EFEE179A4133005AC807 /* libtevent.a in Frameworks */ = {isa = PBXBuildFile; fileRef = EAC6EFED179A4133005AC807 /* libtevent.a */; };
/* End PBXBuildFile section */

/* Begin PBXContainerItemProxy section */
		1FAE34AC1AF1BDF5006A9F7C /* PBXContainerItemProxy */ = {
			isa = PBXContainerItemProxy;
			containerPortal = 87085F811705D46B009CD258 /* Project object */;
			proxyType = 1;
			remoteGlobalIDString = 87085F881705D46C009CD258;
			remoteInfo = OPNFileReader;
		};
/* End PBXContainerItemProxy section */

/* Begin PBXCopyFilesBuildPhase section */
		871CC5721774589C00EDD76D /* CopyFiles */ = {
			isa = PBXCopyFilesBuildPhase;
			buildActionMask = 2147483647;
			dstPath = "include/${PRODUCT_NAME}";
			dstSubfolderSpec = 16;
			files = (
			);
			runOnlyForDeploymentPostprocessing = 0;
		};
/* End PBXCopyFilesBuildPhase section */

/* Begin PBXFileReference section */
		18A91746D289963B8F991D10 /* Pods.release.xcconfig */ = {isa = PBXFileReference; includeInIndex = 1; lastKnownFileType = text.xcconfig; name = Pods.release.xcconfig; path = "Pods/Target Support Files/Pods/Pods.release.xcconfig"; sourceTree = "<group>"; };
		1F04ADF11AEA2E6A006935CF /* Images.xcassets */ = {isa = PBXFileReference; lastKnownFileType = folder.assetcatalog; name = Images.xcassets; path = OPNFileReader/Images.xcassets; sourceTree = SOURCE_ROOT; };
		1F16691C1AC4EC0100182F93 /* left.png */ = {isa = PBXFileReference; lastKnownFileType = image.png; path = left.png; sourceTree = "<group>"; };
		1F1669221AC54EF100182F93 /* right.png */ = {isa = PBXFileReference; lastKnownFileType = image.png; path = right.png; sourceTree = "<group>"; };
		1F167A231B09D02C0046B5F0 /* Icon-72.png */ = {isa = PBXFileReference; lastKnownFileType = image.png; path = "Icon-72.png"; sourceTree = "<group>"; };
		1F167A241B09D02C0046B5F0 /* Icon-72@2x.png */ = {isa = PBXFileReference; lastKnownFileType = image.png; path = "Icon-72@2x.png"; sourceTree = "<group>"; };
		1F167A271B09D0B10046B5F0 /* Icon-29@3x.png */ = {isa = PBXFileReference; lastKnownFileType = image.png; path = "Icon-29@3x.png"; sourceTree = "<group>"; };
		1F167A291B09D0D90046B5F0 /* Icon.png */ = {isa = PBXFileReference; lastKnownFileType = image.png; path = Icon.png; sourceTree = "<group>"; };
		1F167A2B1B09D0E10046B5F0 /* Icon@2x.png */ = {isa = PBXFileReference; lastKnownFileType = image.png; path = "Icon@2x.png"; sourceTree = "<group>"; };
		1F167A2D1B09D0FB0046B5F0 /* Icon-Small-50.png */ = {isa = PBXFileReference; lastKnownFileType = image.png; path = "Icon-Small-50.png"; sourceTree = "<group>"; };
		1F167A2F1B09D10B0046B5F0 /* Icon-Small-50@2x.png */ = {isa = PBXFileReference; lastKnownFileType = image.png; path = "Icon-Small-50@2x.png"; sourceTree = "<group>"; };
		1F23EDE11AE0F13700DF7FB8 /* CoreData.framework */ = {isa = PBXFileReference; lastKnownFileType = wrapper.framework; name = CoreData.framework; path = System/Library/Frameworks/CoreData.framework; sourceTree = SDKROOT; };
		1F2F504F1AC3A46A00E43763 /* LocalFileViewController.h */ = {isa = PBXFileReference; fileEncoding = 4; lastKnownFileType = sourcecode.c.h; path = LocalFileViewController.h; sourceTree = "<group>"; };
		1F2F50501AC3A46A00E43763 /* LocalFileViewController.m */ = {isa = PBXFileReference; fileEncoding = 4; lastKnownFileType = sourcecode.c.objc; path = LocalFileViewController.m; sourceTree = "<group>"; };
		1F2F50531AC3B40A00E43763 /* FileUtility.h */ = {isa = PBXFileReference; fileEncoding = 4; lastKnownFileType = sourcecode.c.h; path = FileUtility.h; sourceTree = "<group>"; };
		1F2F50541AC3B40A00E43763 /* FileUtility.m */ = {isa = PBXFileReference; fileEncoding = 4; lastKnownFileType = sourcecode.c.objc; path = FileUtility.m; sourceTree = "<group>"; };
		1F39247F1AD507DC00FF9564 /* servers.json */ = {isa = PBXFileReference; fileEncoding = 4; lastKnownFileType = text.json; path = servers.json; sourceTree = "<group>"; };
		1F3C5B521ABBE94200DCFFED /* AuthViewController.h */ = {isa = PBXFileReference; fileEncoding = 4; lastKnownFileType = sourcecode.c.h; path = AuthViewController.h; sourceTree = "<group>"; };
		1F3C5B531ABBE94200DCFFED /* AuthViewController.m */ = {isa = PBXFileReference; fileEncoding = 4; lastKnownFileType = sourcecode.c.objc; path = AuthViewController.m; sourceTree = "<group>"; };
		1F3C5B541ABBE94200DCFFED /* AuthViewTextField.h */ = {isa = PBXFileReference; fileEncoding = 4; lastKnownFileType = sourcecode.c.h; path = AuthViewTextField.h; sourceTree = "<group>"; };
		1F3C5B551ABBE94200DCFFED /* AuthViewTextField.m */ = {isa = PBXFileReference; fileEncoding = 4; lastKnownFileType = sourcecode.c.objc; path = AuthViewTextField.m; sourceTree = "<group>"; };
		1F5264AD1AD770CE0067BE81 /* MLPSpotlight.h */ = {isa = PBXFileReference; fileEncoding = 4; lastKnownFileType = sourcecode.c.h; path = MLPSpotlight.h; sourceTree = "<group>"; };
		1F5264AE1AD770CE0067BE81 /* MLPSpotlight.m */ = {isa = PBXFileReference; fileEncoding = 4; lastKnownFileType = sourcecode.c.objc; path = MLPSpotlight.m; sourceTree = "<group>"; };
		1F570E301ACA8EA600447727 /* folder.png */ = {isa = PBXFileReference; lastKnownFileType = image.png; path = folder.png; sourceTree = "<group>"; };
		1F570E321ACA8ECF00447727 /* file.png */ = {isa = PBXFileReference; lastKnownFileType = image.png; path = file.png; sourceTree = "<group>"; };
		1F62900A1ACE1114009CF4E3 /* DXPopover.h */ = {isa = PBXFileReference; fileEncoding = 4; lastKnownFileType = sourcecode.c.h; path = DXPopover.h; sourceTree = "<group>"; };
		1F62900B1ACE1114009CF4E3 /* DXPopover.m */ = {isa = PBXFileReference; fileEncoding = 4; lastKnownFileType = sourcecode.c.objc; path = DXPopover.m; sourceTree = "<group>"; };
		1F6A52BC1AE8B34900D76CDF /* OPNDocument.h */ = {isa = PBXFileReference; fileEncoding = 4; lastKnownFileType = sourcecode.c.h; path = OPNDocument.h; sourceTree = "<group>"; };
		1F6A52BD1AE8B34900D76CDF /* OPNDocument.m */ = {isa = PBXFileReference; fileEncoding = 4; lastKnownFileType = sourcecode.c.objc; path = OPNDocument.m; sourceTree = "<group>"; };
		1F6A52BF1AE8D61200D76CDF /* OPNUserEntryManager.h */ = {isa = PBXFileReference; fileEncoding = 4; lastKnownFileType = sourcecode.c.h; path = OPNUserEntryManager.h; sourceTree = "<group>"; };
		1F6A52C01AE8D61200D76CDF /* OPNUserEntryManager.m */ = {isa = PBXFileReference; fileEncoding = 4; lastKnownFileType = sourcecode.c.objc; path = OPNUserEntryManager.m; sourceTree = "<group>"; };
		1F7A32541ADF89F200663D97 /* SplitViewController.h */ = {isa = PBXFileReference; fileEncoding = 4; lastKnownFileType = sourcecode.c.h; path = SplitViewController.h; sourceTree = "<group>"; };
		1F7A32551ADF89F200663D97 /* SplitViewController.m */ = {isa = PBXFileReference; fileEncoding = 4; lastKnownFileType = sourcecode.c.objc; path = SplitViewController.m; sourceTree = "<group>"; };
		1F80BAE61AD2221E00D6F669 /* bookmark.png */ = {isa = PBXFileReference; lastKnownFileType = image.png; path = bookmark.png; sourceTree = "<group>"; };
		1F80BAE71AD2221E00D6F669 /* check.png */ = {isa = PBXFileReference; lastKnownFileType = image.png; path = check.png; sourceTree = "<group>"; };
		1F80BAE81AD2221E00D6F669 /* cloud.png */ = {isa = PBXFileReference; lastKnownFileType = image.png; path = cloud.png; sourceTree = "<group>"; };
		1F80BAE91AD2221E00D6F669 /* mac.png */ = {isa = PBXFileReference; lastKnownFileType = image.png; path = mac.png; sourceTree = "<group>"; };
		1F80BAEA1AD2221E00D6F669 /* public.png */ = {isa = PBXFileReference; lastKnownFileType = image.png; path = public.png; sourceTree = "<group>"; };
		1F80BAEB1AD2221E00D6F669 /* refresh.png */ = {isa = PBXFileReference; lastKnownFileType = image.png; path = refresh.png; sourceTree = "<group>"; };
		1F80BAEC1AD2221E00D6F669 /* settings.png */ = {isa = PBXFileReference; lastKnownFileType = image.png; path = settings.png; sourceTree = "<group>"; };
		1F80BAED1AD2221E00D6F669 /* windows.png */ = {isa = PBXFileReference; lastKnownFileType = image.png; path = windows.png; sourceTree = "<group>"; };
		1F80BAF71AD222B900D6F669 /* Server.h */ = {isa = PBXFileReference; fileEncoding = 4; lastKnownFileType = sourcecode.c.h; path = Server.h; sourceTree = "<group>"; };
		1F80BAF81AD222B900D6F669 /* Server.m */ = {isa = PBXFileReference; fileEncoding = 4; lastKnownFileType = sourcecode.c.objc; path = Server.m; sourceTree = "<group>"; };
		1F80BAFA1AD223E400D6F669 /* ServerListCell.h */ = {isa = PBXFileReference; fileEncoding = 4; lastKnownFileType = sourcecode.c.h; path = ServerListCell.h; sourceTree = "<group>"; };
		1F80BAFB1AD223E400D6F669 /* ServerListCell.m */ = {isa = PBXFileReference; fileEncoding = 4; lastKnownFileType = sourcecode.c.objc; path = ServerListCell.m; sourceTree = "<group>"; };
		1F80BB001AD24E2A00D6F669 /* PopupViewController.h */ = {isa = PBXFileReference; fileEncoding = 4; lastKnownFileType = sourcecode.c.h; path = PopupViewController.h; sourceTree = "<group>"; };
		1F80BB011AD24E2A00D6F669 /* PopupViewController.m */ = {isa = PBXFileReference; fileEncoding = 4; lastKnownFileType = sourcecode.c.objc; path = PopupViewController.m; sourceTree = "<group>"; };
		1FAE34A61AF1BDF5006A9F7C /* OPNFileReaderTests.xctest */ = {isa = PBXFileReference; explicitFileType = wrapper.cfbundle; includeInIndex = 0; path = OPNFileReaderTests.xctest; sourceTree = BUILT_PRODUCTS_DIR; };
		1FAE34A91AF1BDF5006A9F7C /* Info.plist */ = {isa = PBXFileReference; lastKnownFileType = text.plist.xml; path = Info.plist; sourceTree = "<group>"; };
		1FAE34AA1AF1BDF5006A9F7C /* OPNFileReaderTests.m */ = {isa = PBXFileReference; lastKnownFileType = sourcecode.c.objc; path = OPNFileReaderTests.m; sourceTree = "<group>"; };
		1FB240331AE4840800719C20 /* ServerListViewController.h */ = {isa = PBXFileReference; fileEncoding = 4; lastKnownFileType = sourcecode.c.h; path = ServerListViewController.h; sourceTree = "<group>"; };
		1FB240341AE4840800719C20 /* ServerListViewController.m */ = {isa = PBXFileReference; fileEncoding = 4; lastKnownFileType = sourcecode.c.objc; path = ServerListViewController.m; sourceTree = "<group>"; };
		1FB240361AE4D53C00719C20 /* UIColor+CustomColors.h */ = {isa = PBXFileReference; fileEncoding = 4; lastKnownFileType = sourcecode.c.h; path = "UIColor+CustomColors.h"; sourceTree = "<group>"; };
		1FB240371AE4D53C00719C20 /* UIColor+CustomColors.m */ = {isa = PBXFileReference; fileEncoding = 4; lastKnownFileType = sourcecode.c.objc; path = "UIColor+CustomColors.m"; sourceTree = "<group>"; };
		1FB302611ADE21A800EE17DC /* SettingsViewController.h */ = {isa = PBXFileReference; fileEncoding = 4; lastKnownFileType = sourcecode.c.h; path = SettingsViewController.h; sourceTree = "<group>"; };
		1FB302621ADE21A800EE17DC /* SettingsViewController.m */ = {isa = PBXFileReference; fileEncoding = 4; lastKnownFileType = sourcecode.c.objc; path = SettingsViewController.m; sourceTree = "<group>"; };
		1FB578F51AD6133000924C9C /* NSDictionary+SafeValue.h */ = {isa = PBXFileReference; fileEncoding = 4; lastKnownFileType = sourcecode.c.h; path = "NSDictionary+SafeValue.h"; sourceTree = "<group>"; };
		1FB578F61AD6133000924C9C /* NSDictionary+SafeValue.m */ = {isa = PBXFileReference; fileEncoding = 4; lastKnownFileType = sourcecode.c.objc; path = "NSDictionary+SafeValue.m"; sourceTree = "<group>"; };
		1FB578FC1AD6603C00924C9C /* TopViewController.h */ = {isa = PBXFileReference; fileEncoding = 4; lastKnownFileType = sourcecode.c.h; path = TopViewController.h; sourceTree = "<group>"; };
		1FB578FD1AD6603C00924C9C /* TopViewController.m */ = {isa = PBXFileReference; fileEncoding = 4; lastKnownFileType = sourcecode.c.objc; path = TopViewController.m; sourceTree = "<group>"; };
		1FBAD4D71AF30D59003D5D09 /* OPNUserEntryManagerTests.m */ = {isa = PBXFileReference; fileEncoding = 4; lastKnownFileType = sourcecode.c.objc; path = OPNUserEntryManagerTests.m; sourceTree = "<group>"; };
		1FC48B8C1AE618940023598B /* OPNUserEntry.h */ = {isa = PBXFileReference; fileEncoding = 4; lastKnownFileType = sourcecode.c.h; path = OPNUserEntry.h; sourceTree = "<group>"; };
		1FC48B8D1AE618940023598B /* OPNUserEntry.m */ = {isa = PBXFileReference; fileEncoding = 4; lastKnownFileType = sourcecode.c.objc; path = OPNUserEntry.m; sourceTree = "<group>"; };
		1FE188AA1AD52BBE0086BE57 /* NSJSONSerialization+JSONFile.h */ = {isa = PBXFileReference; fileEncoding = 4; lastKnownFileType = sourcecode.c.h; path = "NSJSONSerialization+JSONFile.h"; sourceTree = "<group>"; };
		1FE188AB1AD52BBE0086BE57 /* NSJSONSerialization+JSONFile.m */ = {isa = PBXFileReference; fileEncoding = 4; lastKnownFileType = sourcecode.c.objc; path = "NSJSONSerialization+JSONFile.m"; sourceTree = "<group>"; };
		1FE363451AD3BC6F0062ECBB /* DataLoader.h */ = {isa = PBXFileReference; fileEncoding = 4; lastKnownFileType = sourcecode.c.h; path = DataLoader.h; sourceTree = "<group>"; };
		1FE363461AD3BC6F0062ECBB /* DataLoader.m */ = {isa = PBXFileReference; fileEncoding = 4; lastKnownFileType = sourcecode.c.objc; path = DataLoader.m; sourceTree = "<group>"; };
		1FE4B7161AE79B2300FC83D5 /* UIImage+Utility.h */ = {isa = PBXFileReference; fileEncoding = 4; lastKnownFileType = sourcecode.c.h; path = "UIImage+Utility.h"; sourceTree = "<group>"; };
		1FE4B7171AE79B2300FC83D5 /* UIImage+Utility.m */ = {isa = PBXFileReference; fileEncoding = 4; lastKnownFileType = sourcecode.c.objc; path = "UIImage+Utility.m"; sourceTree = "<group>"; };
		1FF03A631AEA36A20049F641 /* Icon-76.png */ = {isa = PBXFileReference; lastKnownFileType = image.png; path = "Icon-76.png"; sourceTree = "<group>"; };
		1FF03A641AEA36A20049F641 /* Icon-76@2x.png */ = {isa = PBXFileReference; lastKnownFileType = image.png; path = "Icon-76@2x.png"; sourceTree = "<group>"; };
		1FF03A651AEA36A20049F641 /* Icon-Small.png */ = {isa = PBXFileReference; lastKnownFileType = image.png; path = "Icon-Small.png"; sourceTree = "<group>"; };
		1FF03A661AEA36A20049F641 /* Icon-Small@2x.png */ = {isa = PBXFileReference; lastKnownFileType = image.png; path = "Icon-Small@2x.png"; sourceTree = "<group>"; };
		1FF03A6B1AEA36B20049F641 /* Icon-40@2x.png */ = {isa = PBXFileReference; lastKnownFileType = image.png; path = "Icon-40@2x.png"; sourceTree = "<group>"; };
		1FF03A6C1AEA36B20049F641 /* Icon-40@3x.png */ = {isa = PBXFileReference; lastKnownFileType = image.png; path = "Icon-40@3x.png"; sourceTree = "<group>"; };
		1FF03A6D1AEA36B20049F641 /* Icon-60@2x.png */ = {isa = PBXFileReference; lastKnownFileType = image.png; path = "Icon-60@2x.png"; sourceTree = "<group>"; };
		1FF03A6E1AEA36B20049F641 /* Icon-60@3x.png */ = {isa = PBXFileReference; lastKnownFileType = image.png; path = "Icon-60@3x.png"; sourceTree = "<group>"; };
		1FF03A731AEA39280049F641 /* Icon-40.png */ = {isa = PBXFileReference; lastKnownFileType = image.png; path = "Icon-40.png"; sourceTree = "<group>"; };
		1FF960E31B003AB70077C875 /* UIView+Utility.h */ = {isa = PBXFileReference; fileEncoding = 4; lastKnownFileType = sourcecode.c.h; path = "UIView+Utility.h"; sourceTree = "<group>"; };
		1FF960E41B003AB70077C875 /* UIView+Utility.m */ = {isa = PBXFileReference; fileEncoding = 4; lastKnownFileType = sourcecode.c.objc; path = "UIView+Utility.m"; sourceTree = "<group>"; };
		3D4F15DB1ADA9A5600083E9F /* LoginStatusManager.h */ = {isa = PBXFileReference; fileEncoding = 4; lastKnownFileType = sourcecode.c.h; path = LoginStatusManager.h; sourceTree = "<group>"; };
		3D4F15DC1ADA9A5600083E9F /* LoginStatusManager.m */ = {isa = PBXFileReference; fileEncoding = 4; lastKnownFileType = sourcecode.c.objc; path = LoginStatusManager.m; sourceTree = "<group>"; };
		6560FA5E2DECD63CEA3442F4 /* libPods.a */ = {isa = PBXFileReference; explicitFileType = archive.ar; includeInIndex = 0; path = libPods.a; sourceTree = BUILT_PRODUCTS_DIR; };
		87085F891705D46C009CD258 /* OPNFileReader.app */ = {isa = PBXFileReference; explicitFileType = wrapper.application; includeInIndex = 0; path = OPNFileReader.app; sourceTree = BUILT_PRODUCTS_DIR; };
		87085F8C1705D46C009CD258 /* UIKit.framework */ = {isa = PBXFileReference; lastKnownFileType = wrapper.framework; name = UIKit.framework; path = System/Library/Frameworks/UIKit.framework; sourceTree = SDKROOT; };
		87085F8E1705D46C009CD258 /* Foundation.framework */ = {isa = PBXFileReference; lastKnownFileType = wrapper.framework; name = Foundation.framework; path = System/Library/Frameworks/Foundation.framework; sourceTree = SDKROOT; };
		87085F901705D46C009CD258 /* CoreGraphics.framework */ = {isa = PBXFileReference; lastKnownFileType = wrapper.framework; name = CoreGraphics.framework; path = System/Library/Frameworks/CoreGraphics.framework; sourceTree = SDKROOT; };
		87085F941705D46C009CD258 /* OPNFileReader-Info.plist */ = {isa = PBXFileReference; lastKnownFileType = text.plist.xml; path = "OPNFileReader-Info.plist"; sourceTree = "<group>"; };
		87085F961705D46C009CD258 /* en */ = {isa = PBXFileReference; lastKnownFileType = text.plist.strings; name = en; path = en.lproj/InfoPlist.strings; sourceTree = "<group>"; };
		87085F981705D46C009CD258 /* main.m */ = {isa = PBXFileReference; lastKnownFileType = sourcecode.c.objc; path = main.m; sourceTree = "<group>"; };
		87085F9A1705D46C009CD258 /* OPNFileReader-Prefix.pch */ = {isa = PBXFileReference; lastKnownFileType = sourcecode.c.h; path = "OPNFileReader-Prefix.pch"; sourceTree = "<group>"; };
		87085F9B1705D46C009CD258 /* AppDelegate.h */ = {isa = PBXFileReference; lastKnownFileType = sourcecode.c.h; path = AppDelegate.h; sourceTree = "<group>"; };
		87085F9C1705D46C009CD258 /* AppDelegate.m */ = {isa = PBXFileReference; lastKnownFileType = sourcecode.c.objc; lineEnding = 0; path = AppDelegate.m; sourceTree = "<group>"; xcLanguageSpecificationIdentifier = xcode.lang.objc; };
		87085F9E1705D46C009CD258 /* Default.png */ = {isa = PBXFileReference; lastKnownFileType = image.png; path = Default.png; sourceTree = "<group>"; };
		87085FA01705D46C009CD258 /* Default@2x.png */ = {isa = PBXFileReference; lastKnownFileType = image.png; path = "Default@2x.png"; sourceTree = "<group>"; };
		87085FA21705D46C009CD258 /* Default-568h@2x.png */ = {isa = PBXFileReference; lastKnownFileType = image.png; path = "Default-568h@2x.png"; sourceTree = "<group>"; };
		87085FB21705D494009CD258 /* KxSMBProvider.h */ = {isa = PBXFileReference; fileEncoding = 4; lastKnownFileType = sourcecode.c.h; path = KxSMBProvider.h; sourceTree = "<group>"; };
		87085FB31705D494009CD258 /* KxSMBProvider.m */ = {isa = PBXFileReference; fileEncoding = 4; lastKnownFileType = sourcecode.c.objc; path = KxSMBProvider.m; sourceTree = "<group>"; };
		87085FB51705D4AB009CD258 /* FileViewController.h */ = {isa = PBXFileReference; fileEncoding = 4; lastKnownFileType = sourcecode.c.h; lineEnding = 0; path = FileViewController.h; sourceTree = "<group>"; xcLanguageSpecificationIdentifier = xcode.lang.objcpp; };
		87085FB61705D4AB009CD258 /* FileViewController.m */ = {isa = PBXFileReference; fileEncoding = 4; lastKnownFileType = sourcecode.c.objc; path = FileViewController.m; sourceTree = "<group>"; };
		87085FB91705D4AB009CD258 /* TreeViewController.h */ = {isa = PBXFileReference; fileEncoding = 4; lastKnownFileType = sourcecode.c.h; path = TreeViewController.h; sourceTree = "<group>"; };
		87085FBA1705D4AB009CD258 /* TreeViewController.m */ = {isa = PBXFileReference; fileEncoding = 4; lastKnownFileType = sourcecode.c.objc; path = TreeViewController.m; sourceTree = "<group>"; };
		87085FBF1705D4CA009CD258 /* libsmbclient.a */ = {isa = PBXFileReference; lastKnownFileType = archive.ar; name = libsmbclient.a; path = libs/libsmbclient.a; sourceTree = "<group>"; };
		87085FC01705D4CA009CD258 /* libsmbclient.h */ = {isa = PBXFileReference; fileEncoding = 4; lastKnownFileType = sourcecode.c.h; name = libsmbclient.h; path = libs/libsmbclient.h; sourceTree = "<group>"; };
		87085FC11705D4CA009CD258 /* libtalloc.a */ = {isa = PBXFileReference; lastKnownFileType = archive.ar; name = libtalloc.a; path = libs/libtalloc.a; sourceTree = "<group>"; };
		87085FC21705D4CA009CD258 /* libtdb.a */ = {isa = PBXFileReference; lastKnownFileType = archive.ar; name = libtdb.a; path = libs/libtdb.a; sourceTree = "<group>"; };
		87085FC31705D4CA009CD258 /* libwbclient.a */ = {isa = PBXFileReference; lastKnownFileType = archive.ar; name = libwbclient.a; path = libs/libwbclient.a; sourceTree = "<group>"; };
		87085FC81705D4FD009CD258 /* libz.dylib */ = {isa = PBXFileReference; lastKnownFileType = "compiled.mach-o.dylib"; name = libz.dylib; path = usr/lib/libz.dylib; sourceTree = SDKROOT; };
		87085FCA1705D503009CD258 /* libiconv.dylib */ = {isa = PBXFileReference; lastKnownFileType = "compiled.mach-o.dylib"; name = libiconv.dylib; path = usr/lib/libiconv.dylib; sourceTree = SDKROOT; };
		87085FCC1705D509009CD258 /* libresolv.dylib */ = {isa = PBXFileReference; lastKnownFileType = "compiled.mach-o.dylib"; name = libresolv.dylib; path = usr/lib/libresolv.dylib; sourceTree = SDKROOT; };
		871CC5581774489A00EDD76D /* talloc.h */ = {isa = PBXFileReference; fileEncoding = 4; lastKnownFileType = sourcecode.c.h; name = talloc.h; path = libs/talloc.h; sourceTree = "<group>"; };
		871CC5591774491A00EDD76D /* talloc_stack.h */ = {isa = PBXFileReference; fileEncoding = 4; lastKnownFileType = sourcecode.c.h; name = talloc_stack.h; path = libs/talloc_stack.h; sourceTree = "<group>"; };
		871CC5741774589C00EDD76D /* libKxSMB.a */ = {isa = PBXFileReference; explicitFileType = archive.ar; includeInIndex = 0; path = libKxSMB.a; sourceTree = BUILT_PRODUCTS_DIR; };
		871CC5781774589C00EDD76D /* KxSMB-Prefix.pch */ = {isa = PBXFileReference; lastKnownFileType = sourcecode.c.h; path = "KxSMB-Prefix.pch"; sourceTree = "<group>"; };
		CB48E9D8A5C96CD5658C99FC /* Pods.debug.xcconfig */ = {isa = PBXFileReference; includeInIndex = 1; lastKnownFileType = text.xcconfig; name = Pods.debug.xcconfig; path = "Pods/Target Support Files/Pods/Pods.debug.xcconfig"; sourceTree = "<group>"; };
		EAC6EFED179A4133005AC807 /* libtevent.a */ = {isa = PBXFileReference; lastKnownFileType = archive.ar; name = libtevent.a; path = libs/libtevent.a; sourceTree = "<group>"; };
/* End PBXFileReference section */

/* Begin PBXFrameworksBuildPhase section */
		1FAE34A31AF1BDF5006A9F7C /* Frameworks */ = {
			isa = PBXFrameworksBuildPhase;
			buildActionMask = 2147483647;
			files = (
			);
			runOnlyForDeploymentPostprocessing = 0;
		};
		87085F861705D46C009CD258 /* Frameworks */ = {
			isa = PBXFrameworksBuildPhase;
			buildActionMask = 2147483647;
			files = (
				87085FCD1705D509009CD258 /* libresolv.dylib in Frameworks */,
				87085FCB1705D503009CD258 /* libiconv.dylib in Frameworks */,
				87085FC91705D4FD009CD258 /* libz.dylib in Frameworks */,
				87085F8D1705D46C009CD258 /* UIKit.framework in Frameworks */,
				87085F8F1705D46C009CD258 /* Foundation.framework in Frameworks */,
				87085F911705D46C009CD258 /* CoreGraphics.framework in Frameworks */,
				EAC6EFEE179A4133005AC807 /* libtevent.a in Frameworks */,
				87085FC41705D4CA009CD258 /* libsmbclient.a in Frameworks */,
				87085FC51705D4CA009CD258 /* libtalloc.a in Frameworks */,
				87085FC61705D4CA009CD258 /* libtdb.a in Frameworks */,
				87085FC71705D4CA009CD258 /* libwbclient.a in Frameworks */,
				D9D996B022BAEF36C46DB909 /* libPods.a in Frameworks */,
			);
			runOnlyForDeploymentPostprocessing = 0;
		};
		871CC5711774589C00EDD76D /* Frameworks */ = {
			isa = PBXFrameworksBuildPhase;
			buildActionMask = 2147483647;
			files = (
				871CC5751774589C00EDD76D /* Foundation.framework in Frameworks */,
			);
			runOnlyForDeploymentPostprocessing = 0;
		};
/* End PBXFrameworksBuildPhase section */

/* Begin PBXGroup section */
		0528AF361DCCDCBB5D8D7232 /* Pods */ = {
			isa = PBXGroup;
			children = (
				CB48E9D8A5C96CD5658C99FC /* Pods.debug.xcconfig */,
				18A91746D289963B8F991D10 /* Pods.release.xcconfig */,
			);
			name = Pods;
			sourceTree = "<group>";
		};
		1F16691E1AC4EC0900182F93 /* Resources */ = {
			isa = PBXGroup;
			children = (
				1F39247E1AD5077F00FF9564 /* JSON */,
				1F39247D1AD5074F00FF9564 /* images */,
			);
			name = Resources;
			sourceTree = "<group>";
		};
		1F23EDE91AE0F65F00DF7FB8 /* Model */ = {
			isa = PBXGroup;
			children = (
				1F6A52BF1AE8D61200D76CDF /* OPNUserEntryManager.h */,
				1F6A52C01AE8D61200D76CDF /* OPNUserEntryManager.m */,
				1F80BAF61AD222A800D6F669 /* Entity */,
				3D4F15DB1ADA9A5600083E9F /* LoginStatusManager.h */,
				3D4F15DC1ADA9A5600083E9F /* LoginStatusManager.m */,
				1FE363451AD3BC6F0062ECBB /* DataLoader.h */,
				1FE363461AD3BC6F0062ECBB /* DataLoader.m */,
			);
			name = Model;
			sourceTree = "<group>";
		};
		1F2F50521AC3A4DF00E43763 /* ViewController */ = {
			isa = PBXGroup;
			children = (
				1F7A32541ADF89F200663D97 /* SplitViewController.h */,
				1F7A32551ADF89F200663D97 /* SplitViewController.m */,
				1F80BB001AD24E2A00D6F669 /* PopupViewController.h */,
				1F80BB011AD24E2A00D6F669 /* PopupViewController.m */,
				1F2F50591AC3B94A00E43763 /* detail */,
				1F2F50581AC3B93F00E43763 /* master */,
				1FE4B71B1AE7A81600FC83D5 /* modal */,
			);
			name = ViewController;
			sourceTree = "<group>";
		};
		1F2F50561AC3B8D500E43763 /* libsmbc_wrapper */ = {
			isa = PBXGroup;
			children = (
				87085FB21705D494009CD258 /* KxSMBProvider.h */,
				87085FB31705D494009CD258 /* KxSMBProvider.m */,
			);
			name = libsmbc_wrapper;
			sourceTree = "<group>";
		};
		1F2F50571AC3B92200E43763 /* Utility */ = {
			isa = PBXGroup;
			children = (
				1F2F50531AC3B40A00E43763 /* FileUtility.h */,
				1F2F50541AC3B40A00E43763 /* FileUtility.m */,
			);
			name = Utility;
			sourceTree = "<group>";
		};
		1F2F50581AC3B93F00E43763 /* master */ = {
			isa = PBXGroup;
			children = (
				1FB240331AE4840800719C20 /* ServerListViewController.h */,
				1FB240341AE4840800719C20 /* ServerListViewController.m */,
				1F3C5B521ABBE94200DCFFED /* AuthViewController.h */,
				1F3C5B531ABBE94200DCFFED /* AuthViewController.m */,
				1F2F504F1AC3A46A00E43763 /* LocalFileViewController.h */,
				1F2F50501AC3A46A00E43763 /* LocalFileViewController.m */,
				87085FB91705D4AB009CD258 /* TreeViewController.h */,
				87085FBA1705D4AB009CD258 /* TreeViewController.m */,
			);
			name = master;
			sourceTree = "<group>";
		};
		1F2F50591AC3B94A00E43763 /* detail */ = {
			isa = PBXGroup;
			children = (
				87085FB51705D4AB009CD258 /* FileViewController.h */,
				87085FB61705D4AB009CD258 /* FileViewController.m */,
			);
			name = detail;
			sourceTree = "<group>";
		};
		1F2F505A1AC3B97900E43763 /* View */ = {
			isa = PBXGroup;
			children = (
				1F80BAFA1AD223E400D6F669 /* ServerListCell.h */,
				1F80BAFB1AD223E400D6F669 /* ServerListCell.m */,
				1F3C5B541ABBE94200DCFFED /* AuthViewTextField.h */,
				1F3C5B551ABBE94200DCFFED /* AuthViewTextField.m */,
			);
			name = View;
			sourceTree = "<group>";
		};
		1F39247D1AD5074F00FF9564 /* images */ = {
			isa = PBXGroup;
			children = (
				1F167A291B09D0D90046B5F0 /* Icon.png */,
				1F167A2B1B09D0E10046B5F0 /* Icon@2x.png */,
				1FF03A731AEA39280049F641 /* Icon-40.png */,
				1FF03A6B1AEA36B20049F641 /* Icon-40@2x.png */,
				1FF03A6C1AEA36B20049F641 /* Icon-40@3x.png */,
				1F167A2D1B09D0FB0046B5F0 /* Icon-Small-50.png */,
				1F167A2F1B09D10B0046B5F0 /* Icon-Small-50@2x.png */,
				1FF03A6D1AEA36B20049F641 /* Icon-60@2x.png */,
				1FF03A6E1AEA36B20049F641 /* Icon-60@3x.png */,
				1F167A231B09D02C0046B5F0 /* Icon-72.png */,
				1F167A241B09D02C0046B5F0 /* Icon-72@2x.png */,
				1FF03A631AEA36A20049F641 /* Icon-76.png */,
				1FF03A641AEA36A20049F641 /* Icon-76@2x.png */,
				1FF03A651AEA36A20049F641 /* Icon-Small.png */,
				1FF03A661AEA36A20049F641 /* Icon-Small@2x.png */,
				1F167A271B09D0B10046B5F0 /* Icon-29@3x.png */,
				1F80BAE61AD2221E00D6F669 /* bookmark.png */,
				1F80BAE71AD2221E00D6F669 /* check.png */,
				1F80BAE81AD2221E00D6F669 /* cloud.png */,
				1F80BAE91AD2221E00D6F669 /* mac.png */,
				1F80BAEA1AD2221E00D6F669 /* public.png */,
				1F80BAEB1AD2221E00D6F669 /* refresh.png */,
				1F80BAEC1AD2221E00D6F669 /* settings.png */,
				1F80BAED1AD2221E00D6F669 /* windows.png */,
				1F570E321ACA8ECF00447727 /* file.png */,
				1F570E301ACA8EA600447727 /* folder.png */,
				1F16691C1AC4EC0100182F93 /* left.png */,
				1F1669221AC54EF100182F93 /* right.png */,
			);
			name = images;
			sourceTree = "<group>";
		};
		1F39247E1AD5077F00FF9564 /* JSON */ = {
			isa = PBXGroup;
			children = (
				1F39247F1AD507DC00FF9564 /* servers.json */,
			);
			name = JSON;
			sourceTree = "<group>";
		};
		1F3924831AD5153900FF9564 /* AppDelegate */ = {
			isa = PBXGroup;
			children = (
				87085F9B1705D46C009CD258 /* AppDelegate.h */,
				87085F9C1705D46C009CD258 /* AppDelegate.m */,
			);
			name = AppDelegate;
			sourceTree = "<group>";
		};
		1F5264AC1AD770CE0067BE81 /* MLPSpotlight */ = {
			isa = PBXGroup;
			children = (
				1F5264AD1AD770CE0067BE81 /* MLPSpotlight.h */,
				1F5264AE1AD770CE0067BE81 /* MLPSpotlight.m */,
			);
			path = MLPSpotlight;
			sourceTree = "<group>";
		};
		1F6290091ACE1114009CF4E3 /* DXPopover */ = {
			isa = PBXGroup;
			children = (
				1F62900A1ACE1114009CF4E3 /* DXPopover.h */,
				1F62900B1ACE1114009CF4E3 /* DXPopover.m */,
			);
			path = DXPopover;
			sourceTree = "<group>";
		};
		1F80BAF61AD222A800D6F669 /* Entity */ = {
			isa = PBXGroup;
			children = (
				1F80BAF71AD222B900D6F669 /* Server.h */,
				1F80BAF81AD222B900D6F669 /* Server.m */,
				1FC48B8C1AE618940023598B /* OPNUserEntry.h */,
				1FC48B8D1AE618940023598B /* OPNUserEntry.m */,
				1F6A52BC1AE8B34900D76CDF /* OPNDocument.h */,
				1F6A52BD1AE8B34900D76CDF /* OPNDocument.m */,
			);
			name = Entity;
			sourceTree = "<group>";
		};
		1FAE34A71AF1BDF5006A9F7C /* OPNFileReaderTests */ = {
			isa = PBXGroup;
			children = (
				1FAE34AA1AF1BDF5006A9F7C /* OPNFileReaderTests.m */,
				1FAE34A81AF1BDF5006A9F7C /* Supporting Files */,
				1FBAD4D71AF30D59003D5D09 /* OPNUserEntryManagerTests.m */,
			);
			path = OPNFileReaderTests;
			sourceTree = "<group>";
		};
		1FAE34A81AF1BDF5006A9F7C /* Supporting Files */ = {
			isa = PBXGroup;
			children = (
				1FAE34A91AF1BDF5006A9F7C /* Info.plist */,
			);
			name = "Supporting Files";
			sourceTree = "<group>";
		};
		1FE188A91AD528560086BE57 /* Category */ = {
			isa = PBXGroup;
			children = (
				1FB578F51AD6133000924C9C /* NSDictionary+SafeValue.h */,
				1FB578F61AD6133000924C9C /* NSDictionary+SafeValue.m */,
				1FE188AA1AD52BBE0086BE57 /* NSJSONSerialization+JSONFile.h */,
				1FE188AB1AD52BBE0086BE57 /* NSJSONSerialization+JSONFile.m */,
				1FB240361AE4D53C00719C20 /* UIColor+CustomColors.h */,
				1FB240371AE4D53C00719C20 /* UIColor+CustomColors.m */,
				1FE4B7161AE79B2300FC83D5 /* UIImage+Utility.h */,
				1FE4B7171AE79B2300FC83D5 /* UIImage+Utility.m */,
				1FF960E31B003AB70077C875 /* UIView+Utility.h */,
				1FF960E41B003AB70077C875 /* UIView+Utility.m */,
			);
			name = Category;
			sourceTree = "<group>";
		};
		1FE4B7191AE7A76700FC83D5 /* Controller */ = {
			isa = PBXGroup;
			children = (
				1F2F50521AC3A4DF00E43763 /* ViewController */,
			);
			name = Controller;
			sourceTree = "<group>";
		};
		1FE4B71A1AE7A78600FC83D5 /* Classes */ = {
			isa = PBXGroup;
			children = (
				1F3924831AD5153900FF9564 /* AppDelegate */,
				1FE188A91AD528560086BE57 /* Category */,
				1FE4B7191AE7A76700FC83D5 /* Controller */,
				1F23EDE91AE0F65F00DF7FB8 /* Model */,
				1F2F50571AC3B92200E43763 /* Utility */,
				1F2F505A1AC3B97900E43763 /* View */,
			);
			name = Classes;
			sourceTree = "<group>";
		};
		1FE4B71B1AE7A81600FC83D5 /* modal */ = {
			isa = PBXGroup;
			children = (
				1FB302611ADE21A800EE17DC /* SettingsViewController.h */,
				1FB302621ADE21A800EE17DC /* SettingsViewController.m */,
				1FB578FC1AD6603C00924C9C /* TopViewController.h */,
				1FB578FD1AD6603C00924C9C /* TopViewController.m */,
			);
			name = modal;
			sourceTree = "<group>";
		};
		87085F801705D46B009CD258 = {
			isa = PBXGroup;
			children = (
				87085F921705D46C009CD258 /* OPNFileReader */,
				1F2F50561AC3B8D500E43763 /* libsmbc_wrapper */,
				87085FBE1705D4BE009CD258 /* libs */,
				871CC5761774589C00EDD76D /* KxSMB */,
				1FAE34A71AF1BDF5006A9F7C /* OPNFileReaderTests */,
				87085F8B1705D46C009CD258 /* Frameworks */,
				87085F8A1705D46C009CD258 /* Products */,
				0528AF361DCCDCBB5D8D7232 /* Pods */,
			);
			sourceTree = "<group>";
		};
		87085F8A1705D46C009CD258 /* Products */ = {
			isa = PBXGroup;
			children = (
				87085F891705D46C009CD258 /* OPNFileReader.app */,
				871CC5741774589C00EDD76D /* libKxSMB.a */,
				1FAE34A61AF1BDF5006A9F7C /* OPNFileReaderTests.xctest */,
			);
			name = Products;
			sourceTree = "<group>";
		};
		87085F8B1705D46C009CD258 /* Frameworks */ = {
			isa = PBXGroup;
			children = (
				1F23EDE11AE0F13700DF7FB8 /* CoreData.framework */,
				87085FCC1705D509009CD258 /* libresolv.dylib */,
				87085FCA1705D503009CD258 /* libiconv.dylib */,
				87085FC81705D4FD009CD258 /* libz.dylib */,
				87085F8C1705D46C009CD258 /* UIKit.framework */,
				87085F8E1705D46C009CD258 /* Foundation.framework */,
				87085F901705D46C009CD258 /* CoreGraphics.framework */,
				6560FA5E2DECD63CEA3442F4 /* libPods.a */,
			);
			name = Frameworks;
			sourceTree = "<group>";
		};
		87085F921705D46C009CD258 /* OPNFileReader */ = {
			isa = PBXGroup;
			children = (
				1FE4B71A1AE7A78600FC83D5 /* Classes */,
				1F16691E1AC4EC0900182F93 /* Resources */,
				1F04ADF11AEA2E6A006935CF /* Images.xcassets */,
				87085F931705D46C009CD258 /* Supporting Files */,
			);
			name = OPNFileReader;
			path = KxSMBSample;
			sourceTree = "<group>";
		};
		87085F931705D46C009CD258 /* Supporting Files */ = {
			isa = PBXGroup;
			children = (
				87085F941705D46C009CD258 /* OPNFileReader-Info.plist */,
				87085F951705D46C009CD258 /* InfoPlist.strings */,
				87085F981705D46C009CD258 /* main.m */,
				87085F9A1705D46C009CD258 /* OPNFileReader-Prefix.pch */,
				87085F9E1705D46C009CD258 /* Default.png */,
				87085FA01705D46C009CD258 /* Default@2x.png */,
				87085FA21705D46C009CD258 /* Default-568h@2x.png */,
			);
			name = "Supporting Files";
			sourceTree = "<group>";
		};
		87085FBE1705D4BE009CD258 /* libs */ = {
			isa = PBXGroup;
			children = (
				1F5264AC1AD770CE0067BE81 /* MLPSpotlight */,
				1F6290091ACE1114009CF4E3 /* DXPopover */,
				871CC5591774491A00EDD76D /* talloc_stack.h */,
				871CC5581774489A00EDD76D /* talloc.h */,
				87085FC01705D4CA009CD258 /* libsmbclient.h */,
				87085FBF1705D4CA009CD258 /* libsmbclient.a */,
				87085FC11705D4CA009CD258 /* libtalloc.a */,
				87085FC21705D4CA009CD258 /* libtdb.a */,
				87085FC31705D4CA009CD258 /* libwbclient.a */,
				EAC6EFED179A4133005AC807 /* libtevent.a */,
			);
			name = libs;
			sourceTree = "<group>";
		};
		871CC5761774589C00EDD76D /* KxSMB */ = {
			isa = PBXGroup;
			children = (
				871CC5771774589C00EDD76D /* Supporting Files */,
			);
			path = KxSMB;
			sourceTree = "<group>";
		};
		871CC5771774589C00EDD76D /* Supporting Files */ = {
			isa = PBXGroup;
			children = (
				871CC5781774589C00EDD76D /* KxSMB-Prefix.pch */,
			);
			name = "Supporting Files";
			sourceTree = "<group>";
		};
/* End PBXGroup section */

/* Begin PBXNativeTarget section */
		1FAE34A51AF1BDF5006A9F7C /* OPNFileReaderTests */ = {
			isa = PBXNativeTarget;
			buildConfigurationList = 1FAE34AE1AF1BDF5006A9F7C /* Build configuration list for PBXNativeTarget "OPNFileReaderTests" */;
			buildPhases = (
				1FAE34A21AF1BDF5006A9F7C /* Sources */,
				1FAE34A31AF1BDF5006A9F7C /* Frameworks */,
				1FAE34A41AF1BDF5006A9F7C /* Resources */,
			);
			buildRules = (
			);
			dependencies = (
				1FAE34AD1AF1BDF5006A9F7C /* PBXTargetDependency */,
			);
			name = OPNFileReaderTests;
			productName = OPNFileReaderTests;
			productReference = 1FAE34A61AF1BDF5006A9F7C /* OPNFileReaderTests.xctest */;
			productType = "com.apple.product-type.bundle.unit-test";
		};
		87085F881705D46C009CD258 /* OPNFileReader */ = {
			isa = PBXNativeTarget;
			buildConfigurationList = 87085FAF1705D46C009CD258 /* Build configuration list for PBXNativeTarget "OPNFileReader" */;
			buildPhases = (
				B7780910199AE0A463D96597 /* Check Pods Manifest.lock */,
				87085F851705D46C009CD258 /* Sources */,
				87085F861705D46C009CD258 /* Frameworks */,
				87085F871705D46C009CD258 /* Resources */,
				6318A86DCC02092FA22A2B70 /* Copy Pods Resources */,
			);
			buildRules = (
			);
			dependencies = (
			);
			name = OPNFileReader;
			productName = KxSMBSample;
			productReference = 87085F891705D46C009CD258 /* OPNFileReader.app */;
			productType = "com.apple.product-type.application";
		};
		871CC5731774589C00EDD76D /* KxSMB */ = {
			isa = PBXNativeTarget;
			buildConfigurationList = 871CC57F1774589C00EDD76D /* Build configuration list for PBXNativeTarget "KxSMB" */;
			buildPhases = (
				871CC5701774589C00EDD76D /* Sources */,
				871CC5711774589C00EDD76D /* Frameworks */,
				871CC5721774589C00EDD76D /* CopyFiles */,
			);
			buildRules = (
			);
			dependencies = (
			);
			name = KxSMB;
			productName = KxSMB;
			productReference = 871CC5741774589C00EDD76D /* libKxSMB.a */;
			productType = "com.apple.product-type.library.static";
		};
/* End PBXNativeTarget section */

/* Begin PBXProject section */
		87085F811705D46B009CD258 /* Project object */ = {
			isa = PBXProject;
			attributes = {
				CLASSPREFIX = OPN;
				LastUpgradeCheck = 0620;
				ORGANIZATIONNAME = "NRI Netcom";
				TargetAttributes = {
					1FAE34A51AF1BDF5006A9F7C = {
						CreatedOnToolsVersion = 6.2;
						TestTargetID = 87085F881705D46C009CD258;
					};
				};
			};
			buildConfigurationList = 87085F841705D46B009CD258 /* Build configuration list for PBXProject "OPNFileReader" */;
			compatibilityVersion = "Xcode 3.2";
			developmentRegion = English;
			hasScannedForEncodings = 0;
			knownRegions = (
				en,
			);
			mainGroup = 87085F801705D46B009CD258;
			productRefGroup = 87085F8A1705D46C009CD258 /* Products */;
			projectDirPath = "";
			projectRoot = "";
			targets = (
				87085F881705D46C009CD258 /* OPNFileReader */,
				871CC5731774589C00EDD76D /* KxSMB */,
				1FAE34A51AF1BDF5006A9F7C /* OPNFileReaderTests */,
			);
		};
/* End PBXProject section */

/* Begin PBXResourcesBuildPhase section */
		1FAE34A41AF1BDF5006A9F7C /* Resources */ = {
			isa = PBXResourcesBuildPhase;
			buildActionMask = 2147483647;
			files = (
			);
			runOnlyForDeploymentPostprocessing = 0;
		};
		87085F871705D46C009CD258 /* Resources */ = {
			isa = PBXResourcesBuildPhase;
			buildActionMask = 2147483647;
			files = (
				1F1669231AC54EF100182F93 /* right.png in Resources */,
				1F16691D1AC4EC0100182F93 /* left.png in Resources */,
				1F167A301B09D10B0046B5F0 /* Icon-Small-50@2x.png in Resources */,
				87085F971705D46C009CD258 /* InfoPlist.strings in Resources */,
				1FF03A6F1AEA36B20049F641 /* Icon-40@2x.png in Resources */,
				1F80BAF31AD2221E00D6F669 /* refresh.png in Resources */,
				1F167A251B09D02C0046B5F0 /* Icon-72.png in Resources */,
				1F80BAF11AD2221E00D6F669 /* mac.png in Resources */,
				1FF03A711AEA36B20049F641 /* Icon-60@2x.png in Resources */,
				1F80BAEE1AD2221E00D6F669 /* bookmark.png in Resources */,
				1F80BAF41AD2221E00D6F669 /* settings.png in Resources */,
				87085F9F1705D46C009CD258 /* Default.png in Resources */,
				1FF03A691AEA36A20049F641 /* Icon-Small.png in Resources */,
				1F80BAF01AD2221E00D6F669 /* cloud.png in Resources */,
				1F80BAF51AD2221E00D6F669 /* windows.png in Resources */,
				1F167A2A1B09D0D90046B5F0 /* Icon.png in Resources */,
				1F570E311ACA8EA600447727 /* folder.png in Resources */,
				1F80BAF21AD2221E00D6F669 /* public.png in Resources */,
				1F167A2C1B09D0E10046B5F0 /* Icon@2x.png in Resources */,
				1F3924811AD507DC00FF9564 /* servers.json in Resources */,
				1F04ADF21AEA2E6A006935CF /* Images.xcassets in Resources */,
				1F80BAEF1AD2221E00D6F669 /* check.png in Resources */,
				1F167A261B09D02C0046B5F0 /* Icon-72@2x.png in Resources */,
				87085FA11705D46C009CD258 /* Default@2x.png in Resources */,
				1FF03A671AEA36A20049F641 /* Icon-76.png in Resources */,
				1F167A2E1B09D0FB0046B5F0 /* Icon-Small-50.png in Resources */,
				1F570E331ACA8ECF00447727 /* file.png in Resources */,
				1F167A281B09D0B10046B5F0 /* Icon-29@3x.png in Resources */,
				1FF03A681AEA36A20049F641 /* Icon-76@2x.png in Resources */,
				1FF03A721AEA36B20049F641 /* Icon-60@3x.png in Resources */,
				87085FA31705D46C009CD258 /* Default-568h@2x.png in Resources */,
				1FF03A701AEA36B20049F641 /* Icon-40@3x.png in Resources */,
				1FF03A6A1AEA36A20049F641 /* Icon-Small@2x.png in Resources */,
				1FF03A741AEA39280049F641 /* Icon-40.png in Resources */,
			);
			runOnlyForDeploymentPostprocessing = 0;
		};
/* End PBXResourcesBuildPhase section */

/* Begin PBXShellScriptBuildPhase section */
		6318A86DCC02092FA22A2B70 /* Copy Pods Resources */ = {
			isa = PBXShellScriptBuildPhase;
			buildActionMask = 2147483647;
			files = (
			);
			inputPaths = (
			);
			name = "Copy Pods Resources";
			outputPaths = (
			);
			runOnlyForDeploymentPostprocessing = 0;
			shellPath = /bin/sh;
			shellScript = "\"${SRCROOT}/Pods/Target Support Files/Pods/Pods-resources.sh\"\n";
			showEnvVarsInLog = 0;
		};
		B7780910199AE0A463D96597 /* Check Pods Manifest.lock */ = {
			isa = PBXShellScriptBuildPhase;
			buildActionMask = 2147483647;
			files = (
			);
			inputPaths = (
			);
			name = "Check Pods Manifest.lock";
			outputPaths = (
			);
			runOnlyForDeploymentPostprocessing = 0;
			shellPath = /bin/sh;
			shellScript = "diff \"${PODS_ROOT}/../Podfile.lock\" \"${PODS_ROOT}/Manifest.lock\" > /dev/null\nif [[ $? != 0 ]] ; then\n    cat << EOM\nerror: The sandbox is not in sync with the Podfile.lock. Run 'pod install' or update your CocoaPods installation.\nEOM\n    exit 1\nfi\n";
			showEnvVarsInLog = 0;
		};
/* End PBXShellScriptBuildPhase section */

/* Begin PBXSourcesBuildPhase section */
		1FAE34A21AF1BDF5006A9F7C /* Sources */ = {
			isa = PBXSourcesBuildPhase;
			buildActionMask = 2147483647;
			files = (
				1FAE34AB1AF1BDF5006A9F7C /* OPNFileReaderTests.m in Sources */,
				1FBAD4D81AF30D59003D5D09 /* OPNUserEntryManagerTests.m in Sources */,
			);
			runOnlyForDeploymentPostprocessing = 0;
		};
		87085F851705D46C009CD258 /* Sources */ = {
			isa = PBXSourcesBuildPhase;
			buildActionMask = 2147483647;
			files = (
				1F80BAFC1AD223E400D6F669 /* ServerListCell.m in Sources */,
				1F7A32561ADF89F200663D97 /* SplitViewController.m in Sources */,
				87085F991705D46C009CD258 /* main.m in Sources */,
				1F80BB021AD24E2A00D6F669 /* PopupViewController.m in Sources */,
				1FB578F71AD6133000924C9C /* NSDictionary+SafeValue.m in Sources */,
				1F80BAF91AD222B900D6F669 /* Server.m in Sources */,
				1F3C5B561ABBE94200DCFFED /* AuthViewController.m in Sources */,
				1F2F50551AC3B40A00E43763 /* FileUtility.m in Sources */,
				87085F9D1705D46C009CD258 /* AppDelegate.m in Sources */,
				1F5264AF1AD770CE0067BE81 /* MLPSpotlight.m in Sources */,
				3D4F15DD1ADA9A5600083E9F /* LoginStatusManager.m in Sources */,
				1F6A52C11AE8D61200D76CDF /* OPNUserEntryManager.m in Sources */,
				1FB240381AE4D53C00719C20 /* UIColor+CustomColors.m in Sources */,
				87085FB41705D494009CD258 /* KxSMBProvider.m in Sources */,
				1FB302631ADE21A800EE17DC /* SettingsViewController.m in Sources */,
				1FE188AC1AD52BBE0086BE57 /* NSJSONSerialization+JSONFile.m in Sources */,
				1FE4B7181AE79B2300FC83D5 /* UIImage+Utility.m in Sources */,
				1FB240351AE4840800719C20 /* ServerListViewController.m in Sources */,
				1FE363471AD3BC6F0062ECBB /* DataLoader.m in Sources */,
				1FF960E51B003AB70077C875 /* UIView+Utility.m in Sources */,
				1F6A52BE1AE8B34900D76CDF /* OPNDocument.m in Sources */,
				1FB578FE1AD6603C00924C9C /* TopViewController.m in Sources */,
				1F62900C1ACE1114009CF4E3 /* DXPopover.m in Sources */,
				1F3C5B571ABBE94200DCFFED /* AuthViewTextField.m in Sources */,
				1F2F50511AC3A46A00E43763 /* LocalFileViewController.m in Sources */,
				87085FBB1705D4AB009CD258 /* FileViewController.m in Sources */,
				1FC48B8E1AE618940023598B /* OPNUserEntry.m in Sources */,
				87085FBD1705D4AB009CD258 /* TreeViewController.m in Sources */,
			);
			runOnlyForDeploymentPostprocessing = 0;
		};
		871CC5701774589C00EDD76D /* Sources */ = {
			isa = PBXSourcesBuildPhase;
			buildActionMask = 2147483647;
			files = (
				871CC580177458AD00EDD76D /* KxSMBProvider.m in Sources */,
			);
			runOnlyForDeploymentPostprocessing = 0;
		};
/* End PBXSourcesBuildPhase section */

/* Begin PBXTargetDependency section */
		1FAE34AD1AF1BDF5006A9F7C /* PBXTargetDependency */ = {
			isa = PBXTargetDependency;
			target = 87085F881705D46C009CD258 /* OPNFileReader */;
			targetProxy = 1FAE34AC1AF1BDF5006A9F7C /* PBXContainerItemProxy */;
		};
/* End PBXTargetDependency section */

/* Begin PBXVariantGroup section */
		87085F951705D46C009CD258 /* InfoPlist.strings */ = {
			isa = PBXVariantGroup;
			children = (
				87085F961705D46C009CD258 /* en */,
			);
			name = InfoPlist.strings;
			sourceTree = "<group>";
		};
/* End PBXVariantGroup section */

/* Begin XCBuildConfiguration section */
		1FAE34AF1AF1BDF5006A9F7C /* Debug */ = {
			isa = XCBuildConfiguration;
			buildSettings = {
				BUNDLE_LOADER = "$(TEST_HOST)";
				CLANG_ENABLE_MODULES = YES;
				CLANG_WARN_BOOL_CONVERSION = YES;
				CLANG_WARN_DIRECT_OBJC_ISA_USAGE = YES_ERROR;
				CLANG_WARN_OBJC_ROOT_CLASS = YES_ERROR;
				CLANG_WARN_UNREACHABLE_CODE = YES;
				ENABLE_STRICT_OBJC_MSGSEND = YES;
				FRAMEWORK_SEARCH_PATHS = (
					"$(SDKROOT)/Developer/Library/Frameworks",
					"$(inherited)",
				);
				GCC_PREPROCESSOR_DEFINITIONS = (
					"DEBUG=1",
					"$(inherited)",
				);
				GCC_WARN_64_TO_32_BIT_CONVERSION = YES;
				GCC_WARN_ABOUT_RETURN_TYPE = YES_ERROR;
				GCC_WARN_UNDECLARED_SELECTOR = YES;
				GCC_WARN_UNINITIALIZED_AUTOS = YES_AGGRESSIVE;
				GCC_WARN_UNUSED_FUNCTION = YES;
				INFOPLIST_FILE = OPNFileReaderTests/Info.plist;
				IPHONEOS_DEPLOYMENT_TARGET = 8.2;
				LD_RUNPATH_SEARCH_PATHS = "$(inherited) @executable_path/Frameworks @loader_path/Frameworks";
				MTL_ENABLE_DEBUG_INFO = YES;
				PRODUCT_NAME = "$(TARGET_NAME)";
				TEST_HOST = "$(BUILT_PRODUCTS_DIR)/OPNFileReader.app/OPNFileReader";
			};
			name = Debug;
		};
		1FAE34B01AF1BDF5006A9F7C /* Release */ = {
			isa = XCBuildConfiguration;
			buildSettings = {
				BUNDLE_LOADER = "$(TEST_HOST)";
				CLANG_ENABLE_MODULES = YES;
				CLANG_WARN_BOOL_CONVERSION = YES;
				CLANG_WARN_DIRECT_OBJC_ISA_USAGE = YES_ERROR;
				CLANG_WARN_OBJC_ROOT_CLASS = YES_ERROR;
				CLANG_WARN_UNREACHABLE_CODE = YES;
				COPY_PHASE_STRIP = NO;
				ENABLE_NS_ASSERTIONS = NO;
				ENABLE_STRICT_OBJC_MSGSEND = YES;
				FRAMEWORK_SEARCH_PATHS = (
					"$(SDKROOT)/Developer/Library/Frameworks",
					"$(inherited)",
				);
				GCC_WARN_64_TO_32_BIT_CONVERSION = YES;
				GCC_WARN_ABOUT_RETURN_TYPE = YES_ERROR;
				GCC_WARN_UNDECLARED_SELECTOR = YES;
				GCC_WARN_UNINITIALIZED_AUTOS = YES_AGGRESSIVE;
				GCC_WARN_UNUSED_FUNCTION = YES;
				INFOPLIST_FILE = OPNFileReaderTests/Info.plist;
				IPHONEOS_DEPLOYMENT_TARGET = 8.2;
				LD_RUNPATH_SEARCH_PATHS = "$(inherited) @executable_path/Frameworks @loader_path/Frameworks";
				MTL_ENABLE_DEBUG_INFO = NO;
				PRODUCT_NAME = "$(TARGET_NAME)";
				TEST_HOST = "$(BUILT_PRODUCTS_DIR)/OPNFileReader.app/OPNFileReader";
			};
			name = Release;
		};
		87085FAD1705D46C009CD258 /* Debug */ = {
			isa = XCBuildConfiguration;
			buildSettings = {
				ALWAYS_SEARCH_USER_PATHS = NO;
				CLANG_CXX_LANGUAGE_STANDARD = "gnu++0x";
				CLANG_CXX_LIBRARY = "libc++";
				CLANG_ENABLE_OBJC_ARC = YES;
				CLANG_WARN_CONSTANT_CONVERSION = YES;
				CLANG_WARN_EMPTY_BODY = YES;
				CLANG_WARN_ENUM_CONVERSION = YES;
				CLANG_WARN_INT_CONVERSION = YES;
				CLANG_WARN__DUPLICATE_METHOD_MATCH = YES;
				"CODE_SIGN_IDENTITY[sdk=iphoneos*]" = "iPhone Developer";
				COPY_PHASE_STRIP = NO;
				GCC_C_LANGUAGE_STANDARD = gnu99;
				GCC_DYNAMIC_NO_PIC = NO;
				GCC_OPTIMIZATION_LEVEL = 0;
				GCC_PREPROCESSOR_DEFINITIONS = (
					"DEBUG=1",
					"$(inherited)",
				);
				GCC_SYMBOLS_PRIVATE_EXTERN = NO;
				GCC_WARN_ABOUT_RETURN_TYPE = YES;
				GCC_WARN_UNINITIALIZED_AUTOS = YES;
				GCC_WARN_UNUSED_VARIABLE = YES;
				IPHONEOS_DEPLOYMENT_TARGET = 6.1;
				ONLY_ACTIVE_ARCH = YES;
				SDKROOT = iphoneos;
				TARGETED_DEVICE_FAMILY = "1,2";
			};
			name = Debug;
		};
		87085FAE1705D46C009CD258 /* Release */ = {
			isa = XCBuildConfiguration;
			buildSettings = {
				ALWAYS_SEARCH_USER_PATHS = NO;
				CLANG_CXX_LANGUAGE_STANDARD = "gnu++0x";
				CLANG_CXX_LIBRARY = "libc++";
				CLANG_ENABLE_OBJC_ARC = YES;
				CLANG_WARN_CONSTANT_CONVERSION = YES;
				CLANG_WARN_EMPTY_BODY = YES;
				CLANG_WARN_ENUM_CONVERSION = YES;
				CLANG_WARN_INT_CONVERSION = YES;
				CLANG_WARN__DUPLICATE_METHOD_MATCH = YES;
				"CODE_SIGN_IDENTITY[sdk=iphoneos*]" = "iPhone Developer";
				COPY_PHASE_STRIP = YES;
				GCC_C_LANGUAGE_STANDARD = gnu99;
				GCC_WARN_ABOUT_RETURN_TYPE = YES;
				GCC_WARN_UNINITIALIZED_AUTOS = YES;
				GCC_WARN_UNUSED_VARIABLE = YES;
				IPHONEOS_DEPLOYMENT_TARGET = 6.1;
				OTHER_CFLAGS = "-DNS_BLOCK_ASSERTIONS=1";
				SDKROOT = iphoneos;
				TARGETED_DEVICE_FAMILY = "1,2";
				VALIDATE_PRODUCT = YES;
			};
			name = Release;
		};
		87085FB01705D46C009CD258 /* Debug */ = {
			isa = XCBuildConfiguration;
			baseConfigurationReference = CB48E9D8A5C96CD5658C99FC /* Pods.debug.xcconfig */;
			buildSettings = {
				ASSETCATALOG_COMPILER_APPICON_NAME = AppIcon;
				COPY_PHASE_STRIP = YES;
				FRAMEWORK_SEARCH_PATHS = "\"$(SRCROOT)\"";
				GCC_PRECOMPILE_PREFIX_HEADER = YES;
				GCC_PREFIX_HEADER = "KxSMBSample/OPNFileReader-Prefix.pch";
				HEADER_SEARCH_PATHS = "\"$(SRCROOT)/libs\"";
				INFOPLIST_FILE = "KxSMBSample/OPNFileReader-Info.plist";
				IPHONEOS_DEPLOYMENT_TARGET = 8.2;
				LIBRARY_SEARCH_PATHS = (
					"$(inherited)",
					"\"$(SRCROOT)/libs\"",
				);
				PRODUCT_NAME = OPNFileReader;
				PROVISIONING_PROFILE = "bb7e71c4-07be-4001-a780-c9063929ae4e";
				USER_HEADER_SEARCH_PATHS = "";
				WRAPPER_EXTENSION = app;
			};
			name = Debug;
		};
		87085FB11705D46C009CD258 /* Release */ = {
			isa = XCBuildConfiguration;
			baseConfigurationReference = 18A91746D289963B8F991D10 /* Pods.release.xcconfig */;
			buildSettings = {
				ASSETCATALOG_COMPILER_APPICON_NAME = AppIcon;
				"CODE_SIGN_IDENTITY[sdk=iphoneos*]" = "iPhone Distribution";
				FRAMEWORK_SEARCH_PATHS = "\"$(SRCROOT)\"";
				GCC_PRECOMPILE_PREFIX_HEADER = YES;
				GCC_PREFIX_HEADER = "KxSMBSample/OPNFileReader-Prefix.pch";
				HEADER_SEARCH_PATHS = "\"$(SRCROOT)/libs\"";
				INFOPLIST_FILE = "KxSMBSample/OPNFileReader-Info.plist";
				IPHONEOS_DEPLOYMENT_TARGET = 8.2;
				LIBRARY_SEARCH_PATHS = (
					"$(inherited)",
					"\"$(SRCROOT)/libs\"",
				);
				PRODUCT_NAME = OPNFileReader;
				PROVISIONING_PROFILE = "bb7e71c4-07be-4001-a780-c9063929ae4e";
				USER_HEADER_SEARCH_PATHS = "";
				WRAPPER_EXTENSION = app;
			};
			name = Release;
		};
		871CC57D1774589C00EDD76D /* Debug */ = {
			isa = XCBuildConfiguration;
			buildSettings = {
				DSTROOT = /tmp/KxSMB.dst;
				GCC_PRECOMPILE_PREFIX_HEADER = YES;
				GCC_PREFIX_HEADER = "KxSMB/KxSMB-Prefix.pch";
				HEADER_SEARCH_PATHS = "\"$(SRCROOT)/libs\"";
				OTHER_LDFLAGS = "-ObjC";
				PRODUCT_NAME = "$(TARGET_NAME)";
				SKIP_INSTALL = YES;
				USER_HEADER_SEARCH_PATHS = "\"$(SRCROOT)/libs\"";
			};
			name = Debug;
		};
		871CC57E1774589C00EDD76D /* Release */ = {
			isa = XCBuildConfiguration;
			buildSettings = {
				DSTROOT = /tmp/KxSMB.dst;
				GCC_PRECOMPILE_PREFIX_HEADER = YES;
				GCC_PREFIX_HEADER = "KxSMB/KxSMB-Prefix.pch";
				HEADER_SEARCH_PATHS = "\"$(SRCROOT)/libs\"";
				OTHER_LDFLAGS = "-ObjC";
				PRODUCT_NAME = "$(TARGET_NAME)";
				SKIP_INSTALL = YES;
				USER_HEADER_SEARCH_PATHS = "\"$(SRCROOT)/libs\"";
			};
			name = Release;
		};
/* End XCBuildConfiguration section */

/* Begin XCConfigurationList section */
		1FAE34AE1AF1BDF5006A9F7C /* Build configuration list for PBXNativeTarget "OPNFileReaderTests" */ = {
			isa = XCConfigurationList;
			buildConfigurations = (
				1FAE34AF1AF1BDF5006A9F7C /* Debug */,
				1FAE34B01AF1BDF5006A9F7C /* Release */,
			);
			defaultConfigurationIsVisible = 0;
			defaultConfigurationName = Release;
		};
		87085F841705D46B009CD258 /* Build configuration list for PBXProject "OPNFileReader" */ = {
			isa = XCConfigurationList;
			buildConfigurations = (
				87085FAD1705D46C009CD258 /* Debug */,
				87085FAE1705D46C009CD258 /* Release */,
			);
			defaultConfigurationIsVisible = 0;
			defaultConfigurationName = Release;
		};
		87085FAF1705D46C009CD258 /* Build configuration list for PBXNativeTarget "OPNFileReader" */ = {
			isa = XCConfigurationList;
			buildConfigurations = (
				87085FB01705D46C009CD258 /* Debug */,
				87085FB11705D46C009CD258 /* Release */,
			);
			defaultConfigurationIsVisible = 0;
			defaultConfigurationName = Release;
		};
		871CC57F1774589C00EDD76D /* Build configuration list for PBXNativeTarget "KxSMB" */ = {
			isa = XCConfigurationList;
			buildConfigurations = (
				871CC57D1774589C00EDD76D /* Debug */,
				871CC57E1774589C00EDD76D /* Release */,
			);
			defaultConfigurationIsVisible = 0;
			defaultConfigurationName = Release;
		};
/* End XCConfigurationList section */
	};
	rootObject = 87085F811705D46B009CD258 /* Project object */;
}
